
Microsoft Visual Studio Solution File, Format Version 12.00
# Visual Studio 15
VisualStudioVersion = 15.0.26430.13
MinimumVisualStudioVersion = 10.0.40219.1
Project("{2150E333-8FDC-42A3-9474-1A3956D46DE8}") = "CS类库", "CS类库", "{078D8E0D-28BA-4E9B-A313-37C22F36132F}"
EndProject
Project("{FAE04EC0-301F-11D3-BF4B-00C04F79EFBC}") = "System空间", "System空间\System空间.csproj", "{A4C1961A-E58B-4C23-9EE0-CC80542FDE1B}"
EndProject
Project("{FAE04EC0-301F-11D3-BF4B-00C04F79EFBC}") = "Internet", "Internet\Internet.csproj", "{7A63EAEE-8278-420C-937A-D2CA562B0E4B}"
EndProject
Project("{FAE04EC0-301F-11D3-BF4B-00C04F79EFBC}") = "多线程", "多线程\多线程.csproj", "{13E0497C-B335-411C-901F-C7BDD724DAF2}"
EndProject
Project("{2150E333-8FDC-42A3-9474-1A3956D46DE8}") = "桌面应用", "桌面应用", "{CE3F802C-F7CF-442C-BB21-BF98F609096C}"
EndProject
Project("{FAE04EC0-301F-11D3-BF4B-00C04F79EFBC}") = "集合", "集合\集合.csproj", "{559164EF-A5A2-4B7A-A278-5B2C9772481E}"
EndProject
Project("{FAE04EC0-301F-11D3-BF4B-00C04F79EFBC}") = "异步编程", "异步编程\异步编程.csproj", "{71FD8399-413A-4589-9F1E-02CACABE84BF}"
EndProject
Project("{FAE04EC0-301F-11D3-BF4B-00C04F79EFBC}") = "安全性", "安全性\安全性.csproj", "{F08416DF-37F0-43FE-874F-E4C75DF24B42}"
EndProject
Project("{FAE04EC0-301F-11D3-BF4B-00C04F79EFBC}") = "互操作", "互操作\互操作.csproj", "{8B016F27-194F-45A1-AC66-B8FFB157BFAE}"
EndProject
Project("{8BC9CEB8-8B4A-11D0-8D11-00A0C91BC942}") = "互操作性COM", "互操作性COM\互操作性COM.vcxproj", "{2ABFDAD2-433A-47BD-8C33-2F72900FB4EC}"
EndProject
Project("{8BC9CEB8-8B4A-11D0-8D11-00A0C91BC942}") = "互操作性DLL", "互操作性DLL\互操作性DLL.vcxproj", "{FB10EF38-FB00-4617-99AA-19EC024B6056}"
EndProject
Project("{FAE04EC0-301F-11D3-BF4B-00C04F79EFBC}") = "文件和注册表", "文件和注册表\文件和注册表.csproj", "{FC4F8261-1B76-4D68-8A80-BCB720E1ED99}"
EndProject
Project("{FAE04EC0-301F-11D3-BF4B-00C04F79EFBC}") = "事务处理", "事务处理\事务处理.csproj", "{4B3047A2-A22C-4F19-BDE0-21F3700FB788}"
EndProject
Project("{FAE04EC0-301F-11D3-BF4B-00C04F79EFBC}") = "本地化", "本地化\本地化.csproj", "{CCCEB3C8-E533-41DA-8B17-F31263D240A6}"
EndProject
Project("{FAE04EC0-301F-11D3-BF4B-00C04F79EFBC}") = "ADO.NET", "ADO.NET\ADO.NET.csproj", "{C4D0B868-E552-44B1-9682-1A5F7ED7728A}"
EndProject
Project("{FAE04EC0-301F-11D3-BF4B-00C04F79EFBC}") = "WPF", "WPF\WPF.csproj", "{54124C08-A0F1-4EB5-A459-444D0038E57E}"
EndProject
Project("{2150E333-8FDC-42A3-9474-1A3956D46DE8}") = "ASP.NET", "ASP.NET", "{FF24FEEF-A6F0-41B5-A49C-1C678B0C488E}"
EndProject
Project("{FAE04EC0-301F-11D3-BF4B-00C04F79EFBC}") = "WebApplication", "WebApplication\WebApplication.csproj", "{7E40099D-D03B-4AA8-8C22-68040FA5D10A}"
EndProject
Project("{FAE04EC0-301F-11D3-BF4B-00C04F79EFBC}") = "Linq to SQL", "Linq to SQL\Linq to SQL.csproj", "{97C7DE63-E11C-4570-A4D2-FDBB47635410}"
EndProject
Project("{FAE04EC0-301F-11D3-BF4B-00C04F79EFBC}") = "Redis", "Redis\Redis.csproj", "{64B49013-AE61-41CB-935C-DD09FF9CDF08}"
EndProject
Project("{FAE04EC0-301F-11D3-BF4B-00C04F79EFBC}") = "Expression", "Expression\Expression.csproj", "{B1E4E99E-97E9-4882-979E-F9C582768BAE}"
EndProject
Project("{FAE04EC0-301F-11D3-BF4B-00C04F79EFBC}") = "EF_Pgsql", "EF_Pgsql\EF_Pgsql.csproj", "{567F7AFF-EB38-4548-8A84-DC2B8D822F24}"
EndProject
Project("{FAE04EC0-301F-11D3-BF4B-00C04F79EFBC}") = "读写物理磁盘", "读写物理磁盘\读写物理磁盘.csproj", "{A170F581-2163-44F0-A5D8-FE700FC9CAEF}"
EndProject
Global
	GlobalSection(SolutionConfigurationPlatforms) = preSolution
		Debug|Any CPU = Debug|Any CPU
		Debug|x64 = Debug|x64
		Debug|x86 = Debug|x86
		Release|Any CPU = Release|Any CPU
		Release|x64 = Release|x64
		Release|x86 = Release|x86
	EndGlobalSection
	GlobalSection(ProjectConfigurationPlatforms) = postSolution
		{A4C1961A-E58B-4C23-9EE0-CC80542FDE1B}.Debug|Any CPU.ActiveCfg = Debug|Any CPU
		{A4C1961A-E58B-4C23-9EE0-CC80542FDE1B}.Debug|Any CPU.Build.0 = Debug|Any CPU
		{A4C1961A-E58B-4C23-9EE0-CC80542FDE1B}.Debug|x64.ActiveCfg = Debug|Any CPU
		{A4C1961A-E58B-4C23-9EE0-CC80542FDE1B}.Debug|x86.ActiveCfg = Debug|Any CPU
		{A4C1961A-E58B-4C23-9EE0-CC80542FDE1B}.Release|Any CPU.ActiveCfg = Release|Any CPU
		{A4C1961A-E58B-4C23-9EE0-CC80542FDE1B}.Release|Any CPU.Build.0 = Release|Any CPU
		{A4C1961A-E58B-4C23-9EE0-CC80542FDE1B}.Release|x64.ActiveCfg = Release|Any CPU
		{A4C1961A-E58B-4C23-9EE0-CC80542FDE1B}.Release|x86.ActiveCfg = Release|Any CPU
		{7A63EAEE-8278-420C-937A-D2CA562B0E4B}.Debug|Any CPU.ActiveCfg = Debug|Any CPU
		{7A63EAEE-8278-420C-937A-D2CA562B0E4B}.Debug|Any CPU.Build.0 = Debug|Any CPU
		{7A63EAEE-8278-420C-937A-D2CA562B0E4B}.Debug|x64.ActiveCfg = Debug|Any CPU
		{7A63EAEE-8278-420C-937A-D2CA562B0E4B}.Debug|x86.ActiveCfg = Debug|Any CPU
		{7A63EAEE-8278-420C-937A-D2CA562B0E4B}.Release|Any CPU.ActiveCfg = Release|Any CPU
		{7A63EAEE-8278-420C-937A-D2CA562B0E4B}.Release|Any CPU.Build.0 = Release|Any CPU
		{7A63EAEE-8278-420C-937A-D2CA562B0E4B}.Release|x64.ActiveCfg = Release|Any CPU
		{7A63EAEE-8278-420C-937A-D2CA562B0E4B}.Release|x86.ActiveCfg = Release|Any CPU
		{13E0497C-B335-411C-901F-C7BDD724DAF2}.Debug|Any CPU.ActiveCfg = Debug|Any CPU
		{13E0497C-B335-411C-901F-C7BDD724DAF2}.Debug|Any CPU.Build.0 = Debug|Any CPU
		{13E0497C-B335-411C-901F-C7BDD724DAF2}.Debug|x64.ActiveCfg = Debug|Any CPU
		{13E0497C-B335-411C-901F-C7BDD724DAF2}.Debug|x86.ActiveCfg = Debug|Any CPU
		{13E0497C-B335-411C-901F-C7BDD724DAF2}.Release|Any CPU.ActiveCfg = Release|Any CPU
		{13E0497C-B335-411C-901F-C7BDD724DAF2}.Release|Any CPU.Build.0 = Release|Any CPU
		{13E0497C-B335-411C-901F-C7BDD724DAF2}.Release|x64.ActiveCfg = Release|Any CPU
		{13E0497C-B335-411C-901F-C7BDD724DAF2}.Release|x86.ActiveCfg = Release|Any CPU
		{559164EF-A5A2-4B7A-A278-5B2C9772481E}.Debug|Any CPU.ActiveCfg = Debug|Any CPU
		{559164EF-A5A2-4B7A-A278-5B2C9772481E}.Debug|Any CPU.Build.0 = Debug|Any CPU
		{559164EF-A5A2-4B7A-A278-5B2C9772481E}.Debug|x64.ActiveCfg = Debug|Any CPU
		{559164EF-A5A2-4B7A-A278-5B2C9772481E}.Debug|x86.ActiveCfg = Debug|Any CPU
		{559164EF-A5A2-4B7A-A278-5B2C9772481E}.Release|Any CPU.ActiveCfg = Release|Any CPU
		{559164EF-A5A2-4B7A-A278-5B2C9772481E}.Release|Any CPU.Build.0 = Release|Any CPU
		{559164EF-A5A2-4B7A-A278-5B2C9772481E}.Release|x64.ActiveCfg = Release|Any CPU
		{559164EF-A5A2-4B7A-A278-5B2C9772481E}.Release|x86.ActiveCfg = Release|Any CPU
		{71FD8399-413A-4589-9F1E-02CACABE84BF}.Debug|Any CPU.ActiveCfg = Debug|Any CPU
		{71FD8399-413A-4589-9F1E-02CACABE84BF}.Debug|Any CPU.Build.0 = Debug|Any CPU
		{71FD8399-413A-4589-9F1E-02CACABE84BF}.Debug|x64.ActiveCfg = Debug|Any CPU
		{71FD8399-413A-4589-9F1E-02CACABE84BF}.Debug|x86.ActiveCfg = Debug|Any CPU
		{71FD8399-413A-4589-9F1E-02CACABE84BF}.Release|Any CPU.ActiveCfg = Release|Any CPU
		{71FD8399-413A-4589-9F1E-02CACABE84BF}.Release|Any CPU.Build.0 = Release|Any CPU
		{71FD8399-413A-4589-9F1E-02CACABE84BF}.Release|x64.ActiveCfg = Release|Any CPU
		{71FD8399-413A-4589-9F1E-02CACABE84BF}.Release|x86.ActiveCfg = Release|Any CPU
		{F08416DF-37F0-43FE-874F-E4C75DF24B42}.Debug|Any CPU.ActiveCfg = Debug|Any CPU
		{F08416DF-37F0-43FE-874F-E4C75DF24B42}.Debug|Any CPU.Build.0 = Debug|Any CPU
		{F08416DF-37F0-43FE-874F-E4C75DF24B42}.Debug|x64.ActiveCfg = Debug|Any CPU
		{F08416DF-37F0-43FE-874F-E4C75DF24B42}.Debug|x86.ActiveCfg = Debug|Any CPU
		{F08416DF-37F0-43FE-874F-E4C75DF24B42}.Release|Any CPU.ActiveCfg = Release|Any CPU
		{F08416DF-37F0-43FE-874F-E4C75DF24B42}.Release|Any CPU.Build.0 = Release|Any CPU
		{F08416DF-37F0-43FE-874F-E4C75DF24B42}.Release|x64.ActiveCfg = Release|Any CPU
		{F08416DF-37F0-43FE-874F-E4C75DF24B42}.Release|x86.ActiveCfg = Release|Any CPU
		{8B016F27-194F-45A1-AC66-B8FFB157BFAE}.Debug|Any CPU.ActiveCfg = Debug|Any CPU
		{8B016F27-194F-45A1-AC66-B8FFB157BFAE}.Debug|Any CPU.Build.0 = Debug|Any CPU
		{8B016F27-194F-45A1-AC66-B8FFB157BFAE}.Debug|x64.ActiveCfg = Debug|Any CPU
		{8B016F27-194F-45A1-AC66-B8FFB157BFAE}.Debug|x64.Build.0 = Debug|Any CPU
		{8B016F27-194F-45A1-AC66-B8FFB157BFAE}.Debug|x86.ActiveCfg = Debug|Any CPU
		{8B016F27-194F-45A1-AC66-B8FFB157BFAE}.Debug|x86.Build.0 = Debug|Any CPU
		{8B016F27-194F-45A1-AC66-B8FFB157BFAE}.Release|Any CPU.ActiveCfg = Release|Any CPU
		{8B016F27-194F-45A1-AC66-B8FFB157BFAE}.Release|Any CPU.Build.0 = Release|Any CPU
		{8B016F27-194F-45A1-AC66-B8FFB157BFAE}.Release|x64.ActiveCfg = Release|Any CPU
		{8B016F27-194F-45A1-AC66-B8FFB157BFAE}.Release|x64.Build.0 = Release|Any CPU
		{8B016F27-194F-45A1-AC66-B8FFB157BFAE}.Release|x86.ActiveCfg = Release|Any CPU
		{8B016F27-194F-45A1-AC66-B8FFB157BFAE}.Release|x86.Build.0 = Release|Any CPU
		{2ABFDAD2-433A-47BD-8C33-2F72900FB4EC}.Debug|Any CPU.ActiveCfg = Debug|Win32
		{2ABFDAD2-433A-47BD-8C33-2F72900FB4EC}.Debug|x64.ActiveCfg = Debug|x64
		{2ABFDAD2-433A-47BD-8C33-2F72900FB4EC}.Debug|x64.Build.0 = Debug|x64
		{2ABFDAD2-433A-47BD-8C33-2F72900FB4EC}.Debug|x86.ActiveCfg = Debug|Win32
		{2ABFDAD2-433A-47BD-8C33-2F72900FB4EC}.Debug|x86.Build.0 = Debug|Win32
		{2ABFDAD2-433A-47BD-8C33-2F72900FB4EC}.Release|Any CPU.ActiveCfg = Release|Win32
		{2ABFDAD2-433A-47BD-8C33-2F72900FB4EC}.Release|x64.ActiveCfg = Release|x64
		{2ABFDAD2-433A-47BD-8C33-2F72900FB4EC}.Release|x64.Build.0 = Release|x64
		{2ABFDAD2-433A-47BD-8C33-2F72900FB4EC}.Release|x86.ActiveCfg = Release|Win32
		{2ABFDAD2-433A-47BD-8C33-2F72900FB4EC}.Release|x86.Build.0 = Release|Win32
		{FB10EF38-FB00-4617-99AA-19EC024B6056}.Debug|Any CPU.ActiveCfg = Debug|Win32
		{FB10EF38-FB00-4617-99AA-19EC024B6056}.Debug|x64.ActiveCfg = Debug|x64
		{FB10EF38-FB00-4617-99AA-19EC024B6056}.Debug|x64.Build.0 = Debug|x64
		{FB10EF38-FB00-4617-99AA-19EC024B6056}.Debug|x86.ActiveCfg = Debug|Win32
		{FB10EF38-FB00-4617-99AA-19EC024B6056}.Debug|x86.Build.0 = Debug|Win32
		{FB10EF38-FB00-4617-99AA-19EC024B6056}.Release|Any CPU.ActiveCfg = Release|Win32
		{FB10EF38-FB00-4617-99AA-19EC024B6056}.Release|x64.ActiveCfg = Release|x64
		{FB10EF38-FB00-4617-99AA-19EC024B6056}.Release|x64.Build.0 = Release|x64
		{FB10EF38-FB00-4617-99AA-19EC024B6056}.Release|x86.ActiveCfg = Release|Win32
		{FB10EF38-FB00-4617-99AA-19EC024B6056}.Release|x86.Build.0 = Release|Win32
		{FC4F8261-1B76-4D68-8A80-BCB720E1ED99}.Debug|Any CPU.ActiveCfg = Debug|Any CPU
		{FC4F8261-1B76-4D68-8A80-BCB720E1ED99}.Debug|Any CPU.Build.0 = Debug|Any CPU
		{FC4F8261-1B76-4D68-8A80-BCB720E1ED99}.Debug|x64.ActiveCfg = Debug|Any CPU
		{FC4F8261-1B76-4D68-8A80-BCB720E1ED99}.Debug|x64.Build.0 = Debug|Any CPU
		{FC4F8261-1B76-4D68-8A80-BCB720E1ED99}.Debug|x86.ActiveCfg = Debug|Any CPU
		{FC4F8261-1B76-4D68-8A80-BCB720E1ED99}.Debug|x86.Build.0 = Debug|Any CPU
		{FC4F8261-1B76-4D68-8A80-BCB720E1ED99}.Release|Any CPU.ActiveCfg = Release|Any CPU
		{FC4F8261-1B76-4D68-8A80-BCB720E1ED99}.Release|Any CPU.Build.0 = Release|Any CPU
		{FC4F8261-1B76-4D68-8A80-BCB720E1ED99}.Release|x64.ActiveCfg = Release|Any CPU
		{FC4F8261-1B76-4D68-8A80-BCB720E1ED99}.Release|x64.Build.0 = Release|Any CPU
		{FC4F8261-1B76-4D68-8A80-BCB720E1ED99}.Release|x86.ActiveCfg = Release|Any CPU
		{FC4F8261-1B76-4D68-8A80-BCB720E1ED99}.Release|x86.Build.0 = Release|Any CPU
		{4B3047A2-A22C-4F19-BDE0-21F3700FB788}.Debug|Any CPU.ActiveCfg = Debug|Any CPU
		{4B3047A2-A22C-4F19-BDE0-21F3700FB788}.Debug|Any CPU.Build.0 = Debug|Any CPU
		{4B3047A2-A22C-4F19-BDE0-21F3700FB788}.Debug|x64.ActiveCfg = Debug|Any CPU
		{4B3047A2-A22C-4F19-BDE0-21F3700FB788}.Debug|x64.Build.0 = Debug|Any CPU
		{4B3047A2-A22C-4F19-BDE0-21F3700FB788}.Debug|x86.ActiveCfg = Debug|Any CPU
		{4B3047A2-A22C-4F19-BDE0-21F3700FB788}.Debug|x86.Build.0 = Debug|Any CPU
		{4B3047A2-A22C-4F19-BDE0-21F3700FB788}.Release|Any CPU.ActiveCfg = Release|Any CPU
		{4B3047A2-A22C-4F19-BDE0-21F3700FB788}.Release|Any CPU.Build.0 = Release|Any CPU
		{4B3047A2-A22C-4F19-BDE0-21F3700FB788}.Release|x64.ActiveCfg = Release|Any CPU
		{4B3047A2-A22C-4F19-BDE0-21F3700FB788}.Release|x64.Build.0 = Release|Any CPU
		{4B3047A2-A22C-4F19-BDE0-21F3700FB788}.Release|x86.ActiveCfg = Release|Any CPU
		{4B3047A2-A22C-4F19-BDE0-21F3700FB788}.Release|x86.Build.0 = Release|Any CPU
		{CCCEB3C8-E533-41DA-8B17-F31263D240A6}.Debug|Any CPU.ActiveCfg = Debug|Any CPU
		{CCCEB3C8-E533-41DA-8B17-F31263D240A6}.Debug|Any CPU.Build.0 = Debug|Any CPU
		{CCCEB3C8-E533-41DA-8B17-F31263D240A6}.Debug|x64.ActiveCfg = Debug|Any CPU
		{CCCEB3C8-E533-41DA-8B17-F31263D240A6}.Debug|x64.Build.0 = Debug|Any CPU
		{CCCEB3C8-E533-41DA-8B17-F31263D240A6}.Debug|x86.ActiveCfg = Debug|Any CPU
		{CCCEB3C8-E533-41DA-8B17-F31263D240A6}.Debug|x86.Build.0 = Debug|Any CPU
		{CCCEB3C8-E533-41DA-8B17-F31263D240A6}.Release|Any CPU.ActiveCfg = Release|Any CPU
		{CCCEB3C8-E533-41DA-8B17-F31263D240A6}.Release|Any CPU.Build.0 = Release|Any CPU
		{CCCEB3C8-E533-41DA-8B17-F31263D240A6}.Release|x64.ActiveCfg = Release|Any CPU
		{CCCEB3C8-E533-41DA-8B17-F31263D240A6}.Release|x64.Build.0 = Release|Any CPU
		{CCCEB3C8-E533-41DA-8B17-F31263D240A6}.Release|x86.ActiveCfg = Release|Any CPU
		{CCCEB3C8-E533-41DA-8B17-F31263D240A6}.Release|x86.Build.0 = Release|Any CPU
		{C4D0B868-E552-44B1-9682-1A5F7ED7728A}.Debug|Any CPU.ActiveCfg = Debug|Any CPU
		{C4D0B868-E552-44B1-9682-1A5F7ED7728A}.Debug|Any CPU.Build.0 = Debug|Any CPU
		{C4D0B868-E552-44B1-9682-1A5F7ED7728A}.Debug|x64.ActiveCfg = Debug|Any CPU
		{C4D0B868-E552-44B1-9682-1A5F7ED7728A}.Debug|x64.Build.0 = Debug|Any CPU
		{C4D0B868-E552-44B1-9682-1A5F7ED7728A}.Debug|x86.ActiveCfg = Debug|Any CPU
		{C4D0B868-E552-44B1-9682-1A5F7ED7728A}.Debug|x86.Build.0 = Debug|Any CPU
		{C4D0B868-E552-44B1-9682-1A5F7ED7728A}.Release|Any CPU.ActiveCfg = Release|Any CPU
		{C4D0B868-E552-44B1-9682-1A5F7ED7728A}.Release|Any CPU.Build.0 = Release|Any CPU
		{C4D0B868-E552-44B1-9682-1A5F7ED7728A}.Release|x64.ActiveCfg = Release|Any CPU
		{C4D0B868-E552-44B1-9682-1A5F7ED7728A}.Release|x64.Build.0 = Release|Any CPU
		{C4D0B868-E552-44B1-9682-1A5F7ED7728A}.Release|x86.ActiveCfg = Release|Any CPU
		{C4D0B868-E552-44B1-9682-1A5F7ED7728A}.Release|x86.Build.0 = Release|Any CPU
		{54124C08-A0F1-4EB5-A459-444D0038E57E}.Debug|Any CPU.ActiveCfg = Debug|Any CPU
		{54124C08-A0F1-4EB5-A459-444D0038E57E}.Debug|Any CPU.Build.0 = Debug|Any CPU
		{54124C08-A0F1-4EB5-A459-444D0038E57E}.Debug|x64.ActiveCfg = Debug|Any CPU
		{54124C08-A0F1-4EB5-A459-444D0038E57E}.Debug|x64.Build.0 = Debug|Any CPU
		{54124C08-A0F1-4EB5-A459-444D0038E57E}.Debug|x86.ActiveCfg = Debug|Any CPU
		{54124C08-A0F1-4EB5-A459-444D0038E57E}.Debug|x86.Build.0 = Debug|Any CPU
		{54124C08-A0F1-4EB5-A459-444D0038E57E}.Release|Any CPU.ActiveCfg = Release|Any CPU
		{54124C08-A0F1-4EB5-A459-444D0038E57E}.Release|Any CPU.Build.0 = Release|Any CPU
		{54124C08-A0F1-4EB5-A459-444D0038E57E}.Release|x64.ActiveCfg = Release|Any CPU
		{54124C08-A0F1-4EB5-A459-444D0038E57E}.Release|x64.Build.0 = Release|Any CPU
		{54124C08-A0F1-4EB5-A459-444D0038E57E}.Release|x86.ActiveCfg = Release|Any CPU
		{54124C08-A0F1-4EB5-A459-444D0038E57E}.Release|x86.Build.0 = Release|Any CPU
		{7E40099D-D03B-4AA8-8C22-68040FA5D10A}.Debug|Any CPU.ActiveCfg = Debug|Any CPU
		{7E40099D-D03B-4AA8-8C22-68040FA5D10A}.Debug|Any CPU.Build.0 = Debug|Any CPU
		{7E40099D-D03B-4AA8-8C22-68040FA5D10A}.Debug|x64.ActiveCfg = Debug|Any CPU
		{7E40099D-D03B-4AA8-8C22-68040FA5D10A}.Debug|x64.Build.0 = Debug|Any CPU
		{7E40099D-D03B-4AA8-8C22-68040FA5D10A}.Debug|x86.ActiveCfg = Debug|Any CPU
		{7E40099D-D03B-4AA8-8C22-68040FA5D10A}.Debug|x86.Build.0 = Debug|Any CPU
		{7E40099D-D03B-4AA8-8C22-68040FA5D10A}.Release|Any CPU.ActiveCfg = Release|Any CPU
		{7E40099D-D03B-4AA8-8C22-68040FA5D10A}.Release|Any CPU.Build.0 = Release|Any CPU
		{7E40099D-D03B-4AA8-8C22-68040FA5D10A}.Release|x64.ActiveCfg = Release|Any CPU
		{7E40099D-D03B-4AA8-8C22-68040FA5D10A}.Release|x64.Build.0 = Release|Any CPU
		{7E40099D-D03B-4AA8-8C22-68040FA5D10A}.Release|x86.ActiveCfg = Release|Any CPU
		{7E40099D-D03B-4AA8-8C22-68040FA5D10A}.Release|x86.Build.0 = Release|Any CPU
		{97C7DE63-E11C-4570-A4D2-FDBB47635410}.Debug|Any CPU.ActiveCfg = Debug|Any CPU
		{97C7DE63-E11C-4570-A4D2-FDBB47635410}.Debug|Any CPU.Build.0 = Debug|Any CPU
		{97C7DE63-E11C-4570-A4D2-FDBB47635410}.Debug|x64.ActiveCfg = Debug|Any CPU
		{97C7DE63-E11C-4570-A4D2-FDBB47635410}.Debug|x64.Build.0 = Debug|Any CPU
		{97C7DE63-E11C-4570-A4D2-FDBB47635410}.Debug|x86.ActiveCfg = Debug|Any CPU
		{97C7DE63-E11C-4570-A4D2-FDBB47635410}.Debug|x86.Build.0 = Debug|Any CPU
		{97C7DE63-E11C-4570-A4D2-FDBB47635410}.Release|Any CPU.ActiveCfg = Release|Any CPU
		{97C7DE63-E11C-4570-A4D2-FDBB47635410}.Release|Any CPU.Build.0 = Release|Any CPU
		{97C7DE63-E11C-4570-A4D2-FDBB47635410}.Release|x64.ActiveCfg = Release|Any CPU
		{97C7DE63-E11C-4570-A4D2-FDBB47635410}.Release|x64.Build.0 = Release|Any CPU
		{97C7DE63-E11C-4570-A4D2-FDBB47635410}.Release|x86.ActiveCfg = Release|Any CPU
		{97C7DE63-E11C-4570-A4D2-FDBB47635410}.Release|x86.Build.0 = Release|Any CPU
		{64B49013-AE61-41CB-935C-DD09FF9CDF08}.Debug|Any CPU.ActiveCfg = Debug|Any CPU
		{64B49013-AE61-41CB-935C-DD09FF9CDF08}.Debug|Any CPU.Build.0 = Debug|Any CPU
		{64B49013-AE61-41CB-935C-DD09FF9CDF08}.Debug|x64.ActiveCfg = Debug|Any CPU
		{64B49013-AE61-41CB-935C-DD09FF9CDF08}.Debug|x64.Build.0 = Debug|Any CPU
		{64B49013-AE61-41CB-935C-DD09FF9CDF08}.Debug|x86.ActiveCfg = Debug|Any CPU
		{64B49013-AE61-41CB-935C-DD09FF9CDF08}.Debug|x86.Build.0 = Debug|Any CPU
		{64B49013-AE61-41CB-935C-DD09FF9CDF08}.Release|Any CPU.ActiveCfg = Release|Any CPU
		{64B49013-AE61-41CB-935C-DD09FF9CDF08}.Release|Any CPU.Build.0 = Release|Any CPU
		{64B49013-AE61-41CB-935C-DD09FF9CDF08}.Release|x64.ActiveCfg = Release|Any CPU
		{64B49013-AE61-41CB-935C-DD09FF9CDF08}.Release|x64.Build.0 = Release|Any CPU
		{64B49013-AE61-41CB-935C-DD09FF9CDF08}.Release|x86.ActiveCfg = Release|Any CPU
		{64B49013-AE61-41CB-935C-DD09FF9CDF08}.Release|x86.Build.0 = Release|Any CPU
		{B1E4E99E-97E9-4882-979E-F9C582768BAE}.Debug|Any CPU.ActiveCfg = Debug|Any CPU
		{B1E4E99E-97E9-4882-979E-F9C582768BAE}.Debug|Any CPU.Build.0 = Debug|Any CPU
		{B1E4E99E-97E9-4882-979E-F9C582768BAE}.Debug|x64.ActiveCfg = Debug|Any CPU
		{B1E4E99E-97E9-4882-979E-F9C582768BAE}.Debug|x64.Build.0 = Debug|Any CPU
		{B1E4E99E-97E9-4882-979E-F9C582768BAE}.Debug|x86.ActiveCfg = Debug|Any CPU
		{B1E4E99E-97E9-4882-979E-F9C582768BAE}.Debug|x86.Build.0 = Debug|Any CPU
		{B1E4E99E-97E9-4882-979E-F9C582768BAE}.Release|Any CPU.ActiveCfg = Release|Any CPU
		{B1E4E99E-97E9-4882-979E-F9C582768BAE}.Release|Any CPU.Build.0 = Release|Any CPU
		{B1E4E99E-97E9-4882-979E-F9C582768BAE}.Release|x64.ActiveCfg = Release|Any CPU
		{B1E4E99E-97E9-4882-979E-F9C582768BAE}.Release|x64.Build.0 = Release|Any CPU
		{B1E4E99E-97E9-4882-979E-F9C582768BAE}.Release|x86.ActiveCfg = Release|Any CPU
		{B1E4E99E-97E9-4882-979E-F9C582768BAE}.Release|x86.Build.0 = Release|Any CPU
		{567F7AFF-EB38-4548-8A84-DC2B8D822F24}.Debug|Any CPU.ActiveCfg = Debug|Any CPU
		{567F7AFF-EB38-4548-8A84-DC2B8D822F24}.Debug|Any CPU.Build.0 = Debug|Any CPU
		{567F7AFF-EB38-4548-8A84-DC2B8D822F24}.Debug|x64.ActiveCfg = Debug|Any CPU
		{567F7AFF-EB38-4548-8A84-DC2B8D822F24}.Debug|x64.Build.0 = Debug|Any CPU
		{567F7AFF-EB38-4548-8A84-DC2B8D822F24}.Debug|x86.ActiveCfg = Debug|Any CPU
		{567F7AFF-EB38-4548-8A84-DC2B8D822F24}.Debug|x86.Build.0 = Debug|Any CPU
		{567F7AFF-EB38-4548-8A84-DC2B8D822F24}.Release|Any CPU.ActiveCfg = Release|Any CPU
		{567F7AFF-EB38-4548-8A84-DC2B8D822F24}.Release|Any CPU.Build.0 = Release|Any CPU
		{567F7AFF-EB38-4548-8A84-DC2B8D822F24}.Release|x64.ActiveCfg = Release|Any CPU
		{567F7AFF-EB38-4548-8A84-DC2B8D822F24}.Release|x64.Build.0 = Release|Any CPU
		{567F7AFF-EB38-4548-8A84-DC2B8D822F24}.Release|x86.ActiveCfg = Release|Any CPU
		{567F7AFF-EB38-4548-8A84-DC2B8D822F24}.Release|x86.Build.0 = Release|Any CPU
		{A170F581-2163-44F0-A5D8-FE700FC9CAEF}.Debug|Any CPU.ActiveCfg = Debug|Any CPU
		{A170F581-2163-44F0-A5D8-FE700FC9CAEF}.Debug|Any CPU.Build.0 = Debug|Any CPU
		{A170F581-2163-44F0-A5D8-FE700FC9CAEF}.Debug|x64.ActiveCfg = Debug|Any CPU
		{A170F581-2163-44F0-A5D8-FE700FC9CAEF}.Debug|x64.Build.0 = Debug|Any CPU
		{A170F581-2163-44F0-A5D8-FE700FC9CAEF}.Debug|x86.ActiveCfg = Debug|Any CPU
		{A170F581-2163-44F0-A5D8-FE700FC9CAEF}.Debug|x86.Build.0 = Debug|Any CPU
		{A170F581-2163-44F0-A5D8-FE700FC9CAEF}.Release|Any CPU.ActiveCfg = Release|Any CPU
		{A170F581-2163-44F0-A5D8-FE700FC9CAEF}.Release|Any CPU.Build.0 = Release|Any CPU
		{A170F581-2163-44F0-A5D8-FE700FC9CAEF}.Release|x64.ActiveCfg = Release|Any CPU
		{A170F581-2163-44F0-A5D8-FE700FC9CAEF}.Release|x64.Build.0 = Release|Any CPU
		{A170F581-2163-44F0-A5D8-FE700FC9CAEF}.Release|x86.ActiveCfg = Release|Any CPU
		{A170F581-2163-44F0-A5D8-FE700FC9CAEF}.Release|x86.Build.0 = Release|Any CPU
	EndGlobalSection
	GlobalSection(SolutionProperties) = preSolution
		HideSolutionNode = FALSE
	EndGlobalSection
	GlobalSection(NestedProjects) = preSolution
		{A4C1961A-E58B-4C23-9EE0-CC80542FDE1B} = {078D8E0D-28BA-4E9B-A313-37C22F36132F}
		{7A63EAEE-8278-420C-937A-D2CA562B0E4B} = {078D8E0D-28BA-4E9B-A313-37C22F36132F}
		{13E0497C-B335-411C-901F-C7BDD724DAF2} = {078D8E0D-28BA-4E9B-A313-37C22F36132F}
		{54124C08-A0F1-4EB5-A459-444D0038E57E} = {CE3F802C-F7CF-442C-BB21-BF98F609096C}
		{7E40099D-D03B-4AA8-8C22-68040FA5D10A} = {FF24FEEF-A6F0-41B5-A49C-1C678B0C488E}
	EndGlobalSection
EndGlobal
